// !$*UTF8*$!
{
	archiveVersion = 1;
	classes = {
	};
	objectVersion = 50;
	objects = {

/* Begin PBXBuildFile section */
		D464261725D4C5340036ACC8 /* MVVMtestApp.swift in Sources */ = {isa = PBXBuildFile; fileRef = D464261625D4C5340036ACC8 /* MVVMtestApp.swift */; };
		D464261B25D4C5350036ACC8 /* Assets.xcassets in Resources */ = {isa = PBXBuildFile; fileRef = D464261A25D4C5350036ACC8 /* Assets.xcassets */; };
		D464261E25D4C5350036ACC8 /* Preview Assets.xcassets in Resources */ = {isa = PBXBuildFile; fileRef = D464261D25D4C5350036ACC8 /* Preview Assets.xcassets */; };
		D464262925D4C5350036ACC8 /* MVVMtestTests.swift in Sources */ = {isa = PBXBuildFile; fileRef = D464262825D4C5350036ACC8 /* MVVMtestTests.swift */; };
		D464263425D4C5350036ACC8 /* MVVMtestUITests.swift in Sources */ = {isa = PBXBuildFile; fileRef = D464263325D4C5350036ACC8 /* MVVMtestUITests.swift */; };
		D4B34FA725D4E445006FD756 /* ContentView.swift in Sources */ = {isa = PBXBuildFile; fileRef = D4B34FA625D4E445006FD756 /* ContentView.swift */; };
		D4B34FBC25D4EF4F006FD756 /* WebService.swift in Sources */ = {isa = PBXBuildFile; fileRef = D4B34FBB25D4EF4F006FD756 /* WebService.swift */; };
		D4B34FC525D4EFBA006FD756 /* NewsResponse.swift in Sources */ = {isa = PBXBuildFile; fileRef = D4B34FC425D4EFBA006FD756 /* NewsResponse.swift */; };
		D4B34FCE25D4EFF5006FD756 /* ArticleViewModel.swift in Sources */ = {isa = PBXBuildFile; fileRef = D4B34FCD25D4EFF5006FD756 /* ArticleViewModel.swift */; };
		D4B34FD625D4F054006FD756 /* ArticleListViewModel.swift in Sources */ = {isa = PBXBuildFile; fileRef = D4B34FD525D4F054006FD756 /* ArticleListViewModel.swift */; };
/* End PBXBuildFile section */

/* Begin PBXContainerItemProxy section */
		D464262525D4C5350036ACC8 /* PBXContainerItemProxy */ = {
			isa = PBXContainerItemProxy;
			containerPortal = D464260B25D4C5340036ACC8 /* Project object */;
			proxyType = 1;
			remoteGlobalIDString = D464261225D4C5340036ACC8;
			remoteInfo = MVVMtest;
		};
		D464263025D4C5350036ACC8 /* PBXContainerItemProxy */ = {
			isa = PBXContainerItemProxy;
			containerPortal = D464260B25D4C5340036ACC8 /* Project object */;
			proxyType = 1;
			remoteGlobalIDString = D464261225D4C5340036ACC8;
			remoteInfo = MVVMtest;
		};
/* End PBXContainerItemProxy section */

/* Begin PBXFileReference section */
		D464261325D4C5340036ACC8 /* MVVMtest.app */ = {isa = PBXFileReference; explicitFileType = wrapper.application; includeInIndex = 0; path = MVVMtest.app; sourceTree = BUILT_PRODUCTS_DIR; };
		D464261625D4C5340036ACC8 /* MVVMtestApp.swift */ = {isa = PBXFileReference; lastKnownFileType = sourcecode.swift; path = MVVMtestApp.swift; sourceTree = "<group>"; };
		D464261A25D4C5350036ACC8 /* Assets.xcassets */ = {isa = PBXFileReference; lastKnownFileType = folder.assetcatalog; path = Assets.xcassets; sourceTree = "<group>"; };
		D464261D25D4C5350036ACC8 /* Preview Assets.xcassets */ = {isa = PBXFileReference; lastKnownFileType = folder.assetcatalog; path = "Preview Assets.xcassets"; sourceTree = "<group>"; };
		D464261F25D4C5350036ACC8 /* Info.plist */ = {isa = PBXFileReference; lastKnownFileType = text.plist.xml; path = Info.plist; sourceTree = "<group>"; };
		D464262425D4C5350036ACC8 /* MVVMtestTests.xctest */ = {isa = PBXFileReference; explicitFileType = wrapper.cfbundle; includeInIndex = 0; path = MVVMtestTests.xctest; sourceTree = BUILT_PRODUCTS_DIR; };
		D464262825D4C5350036ACC8 /* MVVMtestTests.swift */ = {isa = PBXFileReference; lastKnownFileType = sourcecode.swift; path = MVVMtestTests.swift; sourceTree = "<group>"; };
		D464262A25D4C5350036ACC8 /* Info.plist */ = {isa = PBXFileReference; lastKnownFileType = text.plist.xml; path = Info.plist; sourceTree = "<group>"; };
		D464262F25D4C5350036ACC8 /* MVVMtestUITests.xctest */ = {isa = PBXFileReference; explicitFileType = wrapper.cfbundle; includeInIndex = 0; path = MVVMtestUITests.xctest; sourceTree = BUILT_PRODUCTS_DIR; };
		D464263325D4C5350036ACC8 /* MVVMtestUITests.swift */ = {isa = PBXFileReference; lastKnownFileType = sourcecode.swift; path = MVVMtestUITests.swift; sourceTree = "<group>"; };
		D464263525D4C5350036ACC8 /* Info.plist */ = {isa = PBXFileReference; lastKnownFileType = text.plist.xml; path = Info.plist; sourceTree = "<group>"; };
		D4B34FA625D4E445006FD756 /* ContentView.swift */ = {isa = PBXFileReference; lastKnownFileType = sourcecode.swift; path = ContentView.swift; sourceTree = "<group>"; };
		D4B34FBB25D4EF4F006FD756 /* WebService.swift */ = {isa = PBXFileReference; lastKnownFileType = sourcecode.swift; path = WebService.swift; sourceTree = "<group>"; };
		D4B34FC425D4EFBA006FD756 /* NewsResponse.swift */ = {isa = PBXFileReference; lastKnownFileType = sourcecode.swift; path = NewsResponse.swift; sourceTree = "<group>"; };
		D4B34FCD25D4EFF5006FD756 /* ArticleViewModel.swift */ = {isa = PBXFileReference; lastKnownFileType = sourcecode.swift; path = ArticleViewModel.swift; sourceTree = "<group>"; };
		D4B34FD525D4F054006FD756 /* ArticleListViewModel.swift */ = {isa = PBXFileReference; lastKnownFileType = sourcecode.swift; path = ArticleListViewModel.swift; sourceTree = "<group>"; };
/* End PBXFileReference section */

/* Begin PBXFrameworksBuildPhase section */
		D464261025D4C5340036ACC8 /* Frameworks */ = {
			isa = PBXFrameworksBuildPhase;
			buildActionMask = 2147483647;
			files = (
			);
			runOnlyForDeploymentPostprocessing = 0;
		};
		D464262125D4C5350036ACC8 /* Frameworks */ = {
			isa = PBXFrameworksBuildPhase;
			buildActionMask = 2147483647;
			files = (
			);
			runOnlyForDeploymentPostprocessing = 0;
		};
		D464262C25D4C5350036ACC8 /* Frameworks */ = {
			isa = PBXFrameworksBuildPhase;
			buildActionMask = 2147483647;
			files = (
			);
			runOnlyForDeploymentPostprocessing = 0;
		};
/* End PBXFrameworksBuildPhase section */

/* Begin PBXGroup section */
		D464260A25D4C5340036ACC8 = {
			isa = PBXGroup;
			children = (
				D464261525D4C5340036ACC8 /* MVVMtest */,
				D464262725D4C5350036ACC8 /* MVVMtestTests */,
				D464263225D4C5350036ACC8 /* MVVMtestUITests */,
				D464261425D4C5340036ACC8 /* Products */,
			);
			sourceTree = "<group>";
		};
		D464261425D4C5340036ACC8 /* Products */ = {
			isa = PBXGroup;
			children = (
				D464261325D4C5340036ACC8 /* MVVMtest.app */,
				D464262425D4C5350036ACC8 /* MVVMtestTests.xctest */,
				D464262F25D4C5350036ACC8 /* MVVMtestUITests.xctest */,
			);
			name = Products;
			sourceTree = "<group>";
		};
		D464261525D4C5340036ACC8 /* MVVMtest */ = {
			isa = PBXGroup;
			children = (
				D4B34FE025D4F271006FD756 /* View */,
				D4B34FCC25D4EFEB006FD756 /* ViewModel */,
				D4B34FC325D4EFAB006FD756 /* Model */,
				D4B34FBA25D4EF2F006FD756 /* Service */,
				D464261625D4C5340036ACC8 /* MVVMtestApp.swift */,
				D464261A25D4C5350036ACC8 /* Assets.xcassets */,
				D464261F25D4C5350036ACC8 /* Info.plist */,
				D464261C25D4C5350036ACC8 /* Preview Content */,
			);
			path = MVVMtest;
			sourceTree = "<group>";
		};
		D464261C25D4C5350036ACC8 /* Preview Content */ = {
			isa = PBXGroup;
			children = (
				D464261D25D4C5350036ACC8 /* Preview Assets.xcassets */,
			);
			path = "Preview Content";
			sourceTree = "<group>";
		};
		D464262725D4C5350036ACC8 /* MVVMtestTests */ = {
			isa = PBXGroup;
			children = (
				D464262825D4C5350036ACC8 /* MVVMtestTests.swift */,
				D464262A25D4C5350036ACC8 /* Info.plist */,
			);
			path = MVVMtestTests;
			sourceTree = "<group>";
		};
		D464263225D4C5350036ACC8 /* MVVMtestUITests */ = {
			isa = PBXGroup;
			children = (
				D464263325D4C5350036ACC8 /* MVVMtestUITests.swift */,
				D464263525D4C5350036ACC8 /* Info.plist */,
			);
			path = MVVMtestUITests;
			sourceTree = "<group>";
		};
		D4B34FBA25D4EF2F006FD756 /* Service */ = {
			isa = PBXGroup;
			children = (
				D4B34FBB25D4EF4F006FD756 /* WebService.swift */,
			);
			path = Service;
			sourceTree = "<group>";
		};
		D4B34FC325D4EFAB006FD756 /* Model */ = {
			isa = PBXGroup;
			children = (
				D4B34FC425D4EFBA006FD756 /* NewsResponse.swift */,
			);
			path = Model;
			sourceTree = "<group>";
		};
		D4B34FCC25D4EFEB006FD756 /* ViewModel */ = {
			isa = PBXGroup;
			children = (
				D4B34FD525D4F054006FD756 /* ArticleListViewModel.swift */,
				D4B34FCD25D4EFF5006FD756 /* ArticleViewModel.swift */,
			);
			path = ViewModel;
			sourceTree = "<group>";
		};
		D4B34FE025D4F271006FD756 /* View */ = {
			isa = PBXGroup;
			children = (
				D4B34FA625D4E445006FD756 /* ContentView.swift */,
			);
			path = View;
			sourceTree = "<group>";
		};
/* End PBXGroup section */

/* Begin PBXNativeTarget section */
		D464261225D4C5340036ACC8 /* MVVMtest */ = {
			isa = PBXNativeTarget;
			buildConfigurationList = D464263825D4C5350036ACC8 /* Build configuration list for PBXNativeTarget "MVVMtest" */;
			buildPhases = (
				D464260F25D4C5340036ACC8 /* Sources */,
				D464261025D4C5340036ACC8 /* Frameworks */,
				D464261125D4C5340036ACC8 /* Resources */,
			);
			buildRules = (
			);
			dependencies = (
			);
			name = MVVMtest;
			productName = MVVMtest;
			productReference = D464261325D4C5340036ACC8 /* MVVMtest.app */;
			productType = "com.apple.product-type.application";
		};
		D464262325D4C5350036ACC8 /* MVVMtestTests */ = {
			isa = PBXNativeTarget;
			buildConfigurationList = D464263B25D4C5350036ACC8 /* Build configuration list for PBXNativeTarget "MVVMtestTests" */;
			buildPhases = (
				D464262025D4C5350036ACC8 /* Sources */,
				D464262125D4C5350036ACC8 /* Frameworks */,
				D464262225D4C5350036ACC8 /* Resources */,
			);
			buildRules = (
			);
			dependencies = (
				D464262625D4C5350036ACC8 /* PBXTargetDependency */,
			);
			name = MVVMtestTests;
			productName = MVVMtestTests;
			productReference = D464262425D4C5350036ACC8 /* MVVMtestTests.xctest */;
			productType = "com.apple.product-type.bundle.unit-test";
		};
		D464262E25D4C5350036ACC8 /* MVVMtestUITests */ = {
			isa = PBXNativeTarget;
			buildConfigurationList = D464263E25D4C5350036ACC8 /* Build configuration list for PBXNativeTarget "MVVMtestUITests" */;
			buildPhases = (
				D464262B25D4C5350036ACC8 /* Sources */,
				D464262C25D4C5350036ACC8 /* Frameworks */,
				D464262D25D4C5350036ACC8 /* Resources */,
			);
			buildRules = (
			);
			dependencies = (
				D464263125D4C5350036ACC8 /* PBXTargetDependency */,
			);
			name = MVVMtestUITests;
			productName = MVVMtestUITests;
			productReference = D464262F25D4C5350036ACC8 /* MVVMtestUITests.xctest */;
			productType = "com.apple.product-type.bundle.ui-testing";
		};
/* End PBXNativeTarget section */

/* Begin PBXProject section */
		D464260B25D4C5340036ACC8 /* Project object */ = {
			isa = PBXProject;
			attributes = {
				LastSwiftUpdateCheck = 1240;
				LastUpgradeCheck = 1240;
				TargetAttributes = {
					D464261225D4C5340036ACC8 = {
						CreatedOnToolsVersion = 12.4;
					};
					D464262325D4C5350036ACC8 = {
						CreatedOnToolsVersion = 12.4;
						TestTargetID = D464261225D4C5340036ACC8;
					};
					D464262E25D4C5350036ACC8 = {
						CreatedOnToolsVersion = 12.4;
						TestTargetID = D464261225D4C5340036ACC8;
					};
				};
			};
			buildConfigurationList = D464260E25D4C5340036ACC8 /* Build configuration list for PBXProject "MVVMtest" */;
			compatibilityVersion = "Xcode 9.3";
			developmentRegion = en;
			hasScannedForEncodings = 0;
			knownRegions = (
				en,
				Base,
			);
			mainGroup = D464260A25D4C5340036ACC8;
			productRefGroup = D464261425D4C5340036ACC8 /* Products */;
			projectDirPath = "";
			projectRoot = "";
			targets = (
				D464261225D4C5340036ACC8 /* MVVMtest */,
				D464262325D4C5350036ACC8 /* MVVMtestTests */,
				D464262E25D4C5350036ACC8 /* MVVMtestUITests */,
			);
		};
/* End PBXProject section */

/* Begin PBXResourcesBuildPhase section */
		D464261125D4C5340036ACC8 /* Resources */ = {
			isa = PBXResourcesBuildPhase;
			buildActionMask = 2147483647;
			files = (
				D464261E25D4C5350036ACC8 /* Preview Assets.xcassets in Resources */,
				D464261B25D4C5350036ACC8 /* Assets.xcassets in Resources */,
			);
			runOnlyForDeploymentPostprocessing = 0;
		};
		D464262225D4C5350036ACC8 /* Resources */ = {
			isa = PBXResourcesBuildPhase;
			buildActionMask = 2147483647;
			files = (
			);
			runOnlyForDeploymentPostprocessing = 0;
		};
		D464262D25D4C5350036ACC8 /* Resources */ = {
			isa = PBXResourcesBuildPhase;
			buildActionMask = 2147483647;
			files = (
			);
			runOnlyForDeploymentPostprocessing = 0;
		};
/* End PBXResourcesBuildPhase section */

/* Begin PBXSourcesBuildPhase section */
		D464260F25D4C5340036ACC8 /* Sources */ = {
			isa = PBXSourcesBuildPhase;
			buildActionMask = 2147483647;
			files = (
				D4B34FD625D4F054006FD756 /* ArticleListViewModel.swift in Sources */,
				D4B34FA725D4E445006FD756 /* ContentView.swift in Sources */,
				D4B34FC525D4EFBA006FD756 /* NewsResponse.swift in Sources */,
				D4B34FBC25D4EF4F006FD756 /* WebService.swift in Sources */,
				D4B34FCE25D4EFF5006FD756 /* ArticleViewModel.swift in Sources */,
				D464261725D4C5340036ACC8 /* MVVMtestApp.swift in Sources */,
			);
			runOnlyForDeploymentPostprocessing = 0;
		};
		D464262025D4C5350036ACC8 /* Sources */ = {
			isa = PBXSourcesBuildPhase;
			buildActionMask = 2147483647;
			files = (
				D464262925D4C5350036ACC8 /* MVVMtestTests.swift in Sources */,
			);
			runOnlyForDeploymentPostprocessing = 0;
		};
		D464262B25D4C5350036ACC8 /* Sources */ = {
			isa = PBXSourcesBuildPhase;
			buildActionMask = 2147483647;
			files = (
				D464263425D4C5350036ACC8 /* MVVMtestUITests.swift in Sources */,
			);
			runOnlyForDeploymentPostprocessing = 0;
		};
/* End PBXSourcesBuildPhase section */

/* Begin PBXTargetDependency section */
		D464262625D4C5350036ACC8 /* PBXTargetDependency */ = {
			isa = PBXTargetDependency;
			target = D464261225D4C5340036ACC8 /* MVVMtest */;
			targetProxy = D464262525D4C5350036ACC8 /* PBXContainerItemProxy */;
		};
		D464263125D4C5350036ACC8 /* PBXTargetDependency */ = {
			isa = PBXTargetDependency;
			target = D464261225D4C5340036ACC8 /* MVVMtest */;
			targetProxy = D464263025D4C5350036ACC8 /* PBXContainerItemProxy */;
		};
/* End PBXTargetDependency section */

/* Begin XCBuildConfiguration section */
		D464263625D4C5350036ACC8 /* Debug */ = {
			isa = XCBuildConfiguration;
			buildSettings = {
				ALWAYS_SEARCH_USER_PATHS = NO;
				CLANG_ANALYZER_NONNULL = YES;
				CLANG_ANALYZER_NUMBER_OBJECT_CONVERSION = YES_AGGRESSIVE;
				CLANG_CXX_LANGUAGE_STANDARD = "gnu++14";
				CLANG_CXX_LIBRARY = "libc++";
				CLANG_ENABLE_MODULES = YES;
				CLANG_ENABLE_OBJC_ARC = YES;
				CLANG_ENABLE_OBJC_WEAK = YES;
				CLANG_WARN_BLOCK_CAPTURE_AUTORELEASING = YES;
				CLANG_WARN_BOOL_CONVERSION = YES;
				CLANG_WARN_COMMA = YES;
				CLANG_WARN_CONSTANT_CONVERSION = YES;
				CLANG_WARN_DEPRECATED_OBJC_IMPLEMENTATIONS = YES;
				CLANG_WARN_DIRECT_OBJC_ISA_USAGE = YES_ERROR;
				CLANG_WARN_DOCUMENTATION_COMMENTS = YES;
				CLANG_WARN_EMPTY_BODY = YES;
				CLANG_WARN_ENUM_CONVERSION = YES;
				CLANG_WARN_INFINITE_RECURSION = YES;
				CLANG_WARN_INT_CONVERSION = YES;
				CLANG_WARN_NON_LITERAL_NULL_CONVERSION = YES;
				CLANG_WARN_OBJC_IMPLICIT_RETAIN_SELF = YES;
				CLANG_WARN_OBJC_LITERAL_CONVERSION = YES;
				CLANG_WARN_OBJC_ROOT_CLASS = YES_ERROR;
				CLANG_WARN_QUOTED_INCLUDE_IN_FRAMEWORK_HEADER = YES;
				CLANG_WARN_RANGE_LOOP_ANALYSIS = YES;
				CLANG_WARN_STRICT_PROTOTYPES = YES;
				CLANG_WARN_SUSPICIOUS_MOVE = YES;
				CLANG_WARN_UNGUARDED_AVAILABILITY = YES_AGGRESSIVE;
				CLANG_WARN_UNREACHABLE_CODE = YES;
				CLANG_WARN__DUPLICATE_METHOD_MATCH = YES;
				COPY_PHASE_STRIP = NO;
				DEBUG_INFORMATION_FORMAT = dwarf;
				ENABLE_STRICT_OBJC_MSGSEND = YES;
				ENABLE_TESTABILITY = YES;
				GCC_C_LANGUAGE_STANDARD = gnu11;
				GCC_DYNAMIC_NO_PIC = NO;
				GCC_NO_COMMON_BLOCKS = YES;
				GCC_OPTIMIZATION_LEVEL = 0;
				GCC_PREPROCESSOR_DEFINITIONS = (
					"DEBUG=1",
					"$(inherited)",
				);
				GCC_WARN_64_TO_32_BIT_CONVERSION = YES;
				GCC_WARN_ABOUT_RETURN_TYPE = YES_ERROR;
				GCC_WARN_UNDECLARED_SELECTOR = YES;
				GCC_WARN_UNINITIALIZED_AUTOS = YES_AGGRESSIVE;
				GCC_WARN_UNUSED_FUNCTION = YES;
				GCC_WARN_UNUSED_VARIABLE = YES;
				IPHONEOS_DEPLOYMENT_TARGET = 14.4;
				MTL_ENABLE_DEBUG_INFO = INCLUDE_SOURCE;
				MTL_FAST_MATH = YES;
				ONLY_ACTIVE_ARCH = YES;
				SDKROOT = iphoneos;
				SWIFT_ACTIVE_COMPILATION_CONDITIONS = DEBUG;
				SWIFT_OPTIMIZATION_LEVEL = "-Onone";
			};
			name = Debug;
		};
		D464263725D4C5350036ACC8 /* Release */ = {
			isa = XCBuildConfiguration;
			buildSettings = {
				ALWAYS_SEARCH_USER_PATHS = NO;
				CLANG_ANALYZER_NONNULL = YES;
				CLANG_ANALYZER_NUMBER_OBJECT_CONVERSION = YES_AGGRESSIVE;
				CLANG_CXX_LANGUAGE_STANDARD = "gnu++14";
				CLANG_CXX_LIBRARY = "libc++";
				CLANG_ENABLE_MODULES = YES;
				CLANG_ENABLE_OBJC_ARC = YES;
				CLANG_ENABLE_OBJC_WEAK = YES;
				CLANG_WARN_BLOCK_CAPTURE_AUTORELEASING = YES;
				CLANG_WARN_BOOL_CONVERSION = YES;
				CLANG_WARN_COMMA = YES;
				CLANG_WARN_CONSTANT_CONVERSION = YES;
				CLANG_WARN_DEPRECATED_OBJC_IMPLEMENTATIONS = YES;
				CLANG_WARN_DIRECT_OBJC_ISA_USAGE = YES_ERROR;
				CLANG_WARN_DOCUMENTATION_COMMENTS = YES;
				CLANG_WARN_EMPTY_BODY = YES;
				CLANG_WARN_ENUM_CONVERSION = YES;
				CLANG_WARN_INFINITE_RECURSION = YES;
				CLANG_WARN_INT_CONVERSION = YES;
				CLANG_WARN_NON_LITERAL_NULL_CONVERSION = YES;
				CLANG_WARN_OBJC_IMPLICIT_RETAIN_SELF = YES;
				CLANG_WARN_OBJC_LITERAL_CONVERSION = YES;
				CLANG_WARN_OBJC_ROOT_CLASS = YES_ERROR;
				CLANG_WARN_QUOTED_INCLUDE_IN_FRAMEWORK_HEADER = YES;
				CLANG_WARN_RANGE_LOOP_ANALYSIS = YES;
				CLANG_WARN_STRICT_PROTOTYPES = YES;
				CLANG_WARN_SUSPICIOUS_MOVE = YES;
				CLANG_WARN_UNGUARDED_AVAILABILITY = YES_AGGRESSIVE;
				CLANG_WARN_UNREACHABLE_CODE = YES;
				CLANG_WARN__DUPLICATE_METHOD_MATCH = YES;
				COPY_PHASE_STRIP = NO;
				DEBUG_INFORMATION_FORMAT = "dwarf-with-dsym";
				ENABLE_NS_ASSERTIONS = NO;
				ENABLE_STRICT_OBJC_MSGSEND = YES;
				GCC_C_LANGUAGE_STANDARD = gnu11;
				GCC_NO_COMMON_BLOCKS = YES;
				GCC_WARN_64_TO_32_BIT_CONVERSION = YES;
				GCC_WARN_ABOUT_RETURN_TYPE = YES_ERROR;
				GCC_WARN_UNDECLARED_SELECTOR = YES;
				GCC_WARN_UNINITIALIZED_AUTOS = YES_AGGRESSIVE;
				GCC_WARN_UNUSED_FUNCTION = YES;
				GCC_WARN_UNUSED_VARIABLE = YES;
				IPHONEOS_DEPLOYMENT_TARGET = 14.4;
				MTL_ENABLE_DEBUG_INFO = NO;
				MTL_FAST_MATH = YES;
				SDKROOT = iphoneos;
				SWIFT_COMPILATION_MODE = wholemodule;
				SWIFT_OPTIMIZATION_LEVEL = "-O";
				VALIDATE_PRODUCT = YES;
			};
			name = Release;
		};
		D464263925D4C5350036ACC8 /* Debug */ = {
			isa = XCBuildConfiguration;
			buildSettings = {
				ASSETCATALOG_COMPILER_APPICON_NAME = AppIcon;
				ASSETCATALOG_COMPILER_GLOBAL_ACCENT_COLOR_NAME = AccentColor;
				CODE_SIGN_STYLE = Automatic;
				DEVELOPMENT_ASSET_PATHS = "\"MVVMtest/Preview Content\"";
				ENABLE_PREVIEWS = YES;
				INFOPLIST_FILE = MVVMtest/Info.plist;
				IPHONEOS_DEPLOYMENT_TARGET = 14.0;
				LD_RUNPATH_SEARCH_PATHS = (
					"$(inherited)",
					"@executable_path/Frameworks",
				);
				PRODUCT_BUNDLE_IDENTIFIER = com.nascence.MVVMtest;
				PRODUCT_NAME = "$(TARGET_NAME)";
				SWIFT_VERSION = 5.0;
				TARGETED_DEVICE_FAMILY = "1,2";
			};
			name = Debug;
		};
		D464263A25D4C5350036ACC8 /* Release */ = {
			isa = XCBuildConfiguration;
			buildSettings = {
				ASSETCATALOG_COMPILER_APPICON_NAME = AppIcon;
				ASSETCATALOG_COMPILER_GLOBAL_ACCENT_COLOR_NAME = AccentColor;
				CODE_SIGN_STYLE = Automatic;
				DEVELOPMENT_ASSET_PATHS = "\"MVVMtest/Preview Content\"";
				ENABLE_PREVIEWS = YES;
				INFOPLIST_FILE = MVVMtest/Info.plist;
				IPHONEOS_DEPLOYMENT_TARGET = 14.0;
				LD_RUNPATH_SEARCH_PATHS = (
					"$(inherited)",
					"@executable_path/Frameworks",
				);
				PRODUCT_BUNDLE_IDENTIFIER = com.nascence.MVVMtest;
				PRODUCT_NAME = "$(TARGET_NAME)";
				SWIFT_VERSION = 5.0;
				TARGETED_DEVICE_FAMILY = "1,2";
			};
			name = Release;
		};
		D464263C25D4C5350036ACC8 /* Debug */ = {
			isa = XCBuildConfiguration;
			buildSettings = {
				ALWAYS_EMBED_SWIFT_STANDARD_LIBRARIES = YES;
				BUNDLE_LOADER = "$(TEST_HOST)";
				CODE_SIGN_STYLE = Automatic;
				INFOPLIST_FILE = MVVMtestTests/Info.plist;
				IPHONEOS_DEPLOYMENT_TARGET = 14.0;
				LD_RUNPATH_SEARCH_PATHS = (
					"$(inherited)",
					"@executable_path/Frameworks",
					"@loader_path/Frameworks",
				);
				PRODUCT_BUNDLE_IDENTIFIER = com.nascence.MVVMtestTests;
				PRODUCT_NAME = "$(TARGET_NAME)";
				SWIFT_VERSION = 5.0;
				TARGETED_DEVICE_FAMILY = "1,2";
				TEST_HOST = "$(BUILT_PRODUCTS_DIR)/MVVMtest.app/MVVMtest";
			};
			name = Debug;
		};
		D464263D25D4C5350036ACC8 /* Release */ = {
			isa = XCBuildConfiguration;
			buildSettings = {
				ALWAYS_EMBED_SWIFT_STANDARD_LIBRARIES = YES;
				BUNDLE_LOADER = "$(TEST_HOST)";
				CODE_SIGN_STYLE = Automatic;
				INFOPLIST_FILE = MVVMtestTests/Info.plist;
				IPHONEOS_DEPLOYMENT_TARGET = 14.0;
				LD_RUNPATH_SEARCH_PATHS = (
					"$(inherited)",
					"@executable_path/Frameworks",
					"@loader_path/Frameworks",
				);
				PRODUCT_BUNDLE_IDENTIFIER = com.nascence.MVVMtestTests;
				PRODUCT_NAME = "$(TARGET_NAME)";
				SWIFT_VERSION = 5.0;
				TARGETED_DEVICE_FAMILY = "1,2";
				TEST_HOST = "$(BUILT_PRODUCTS_DIR)/MVVMtest.app/MVVMtest";
			};
			name = Release;
		};
		D464263F25D4C5350036ACC8 /* Debug */ = {
			isa = XCBuildConfiguration;
			buildSettings = {
				ALWAYS_EMBED_SWIFT_STANDARD_LIBRARIES = YES;
				CODE_SIGN_STYLE = Automatic;
				INFOPLIST_FILE = MVVMtestUITests/Info.plist;
				LD_RUNPATH_SEARCH_PATHS = (
					"$(inherited)",
					"@executable_path/Frameworks",
					"@loader_path/Frameworks",
				);
				PRODUCT_BUNDLE_IDENTIFIER = com.nascence.MVVMtestUITests;
				PRODUCT_NAME = "$(TARGET_NAME)";
				SWIFT_VERSION = 5.0;
				TARGETED_DEVICE_FAMILY = "1,2";
				TEST_TARGET_NAME = MVVMtest;
			};
			name = Debug;
		};
		D464264025D4C5350036ACC8 /* Release */ = {
			isa = XCBuildConfiguration;
			buildSettings = {
				ALWAYS_EMBED_SWIFT_STANDARD_LIBRARIES = YES;
				CODE_SIGN_STYLE = Automatic;
				INFOPLIST_FILE = MVVMtestUITests/Info.plist;
				LD_RUNPATH_SEARCH_PATHS = (
					"$(inherited)",
					"@executable_path/Frameworks",
					"@loader_path/Frameworks",
				);
				PRODUCT_BUNDLE_IDENTIFIER = com.nascence.MVVMtestUITests;
				PRODUCT_NAME = "$(TARGET_NAME)";
				SWIFT_VERSION = 5.0;
				TARGETED_DEVICE_FAMILY = "1,2";
				TEST_TARGET_NAME = MVVMtest;
			};
			name = Release;
		};
/* End XCBuildConfiguration section */

/* Begin XCConfigurationList section */
		D464260E25D4C5340036ACC8 /* Build configuration list for PBXProject "MVVMtest" */ = {
			isa = XCConfigurationList;
			buildConfigurations = (
				D464263625D4C5350036ACC8 /* Debug */,
				D464263725D4C5350036ACC8 /* Release */,
			);
			defaultConfigurationIsVisible = 0;
			defaultConfigurationName = Release;
		};
		D464263825D4C5350036ACC8 /* Build configuration list for PBXNativeTarget "MVVMtest" */ = {
			isa = XCConfigurationList;
			buildConfigurations = (
				D464263925D4C5350036ACC8 /* Debug */,
				D464263A25D4C5350036ACC8 /* Release */,
			);
			defaultConfigurationIsVisible = 0;
			defaultConfigurationName = Release;
		};
		D464263B25D4C5350036ACC8 /* Build configuration list for PBXNativeTarget "MVVMtestTests" */ = {
			isa = XCConfigurationList;
			buildConfigurations = (
				D464263C25D4C5350036ACC8 /* Debug */,
				D464263D25D4C5350036ACC8 /* Release */,
			);
			defaultConfigurationIsVisible = 0;
			defaultConfigurationName = Release;
		};
		D464263E25D4C5350036ACC8 /* Build configuration list for PBXNativeTarget "MVVMtestUITests" */ = {
			isa = XCConfigurationList;
			buildConfigurations = (
				D464263F25D4C5350036ACC8 /* Debug */,
				D464264025D4C5350036ACC8 /* Release */,
			);
			defaultConfigurationIsVisible = 0;
			defaultConfigurationName = Release;
		};
/* End XCConfigurationList section */
	};
	rootObject = D464260B25D4C5340036ACC8 /* Project object */;
}
